// !$*UTF8*$!
{
	archiveVersion = 1;
	classes = {
	};
	objectVersion = 46;
	objects = {

/* Begin PBXBuildFile section */
		5A5EE20EB9FE1F8251E5A3C2 /* Pods_WhatsRateWidget.framework in Frameworks */ = {isa = PBXBuildFile; fileRef = E159C3F1239D5E62A86A91CC /* Pods_WhatsRateWidget.framework */; };
		6906AA9C7B2BFA82396617FF /* Pods_WhatsRateUITests.framework in Frameworks */ = {isa = PBXBuildFile; fileRef = FAD60F3FC4E8249DC3E7D7EE /* Pods_WhatsRateUITests.framework */; };
		811703A74C43C4695132BC16 /* Pods_WhatsRate.framework in Frameworks */ = {isa = PBXBuildFile; fileRef = 3874E90D07590235AD5A35CC /* Pods_WhatsRate.framework */; };
		863DC13E1DDA91A4004002DE /* AppDelegate.swift in Sources */ = {isa = PBXBuildFile; fileRef = 863DC13D1DDA91A4004002DE /* AppDelegate.swift */; };
		863DC1401DDA91A4004002DE /* ViewController.swift in Sources */ = {isa = PBXBuildFile; fileRef = 863DC13F1DDA91A4004002DE /* ViewController.swift */; };
		863DC1431DDA91A4004002DE /* Main.storyboard in Resources */ = {isa = PBXBuildFile; fileRef = 863DC1411DDA91A4004002DE /* Main.storyboard */; };
		863DC1451DDA91A4004002DE /* Assets.xcassets in Resources */ = {isa = PBXBuildFile; fileRef = 863DC1441DDA91A4004002DE /* Assets.xcassets */; };
		863DC1481DDA91A4004002DE /* LaunchScreen.storyboard in Resources */ = {isa = PBXBuildFile; fileRef = 863DC1461DDA91A4004002DE /* LaunchScreen.storyboard */; };
		863DC1531DDA91A5004002DE /* WhatsRateTests.swift in Sources */ = {isa = PBXBuildFile; fileRef = 863DC1521DDA91A5004002DE /* WhatsRateTests.swift */; };
		863DC15E1DDA91A5004002DE /* WhatsRateUITests.swift in Sources */ = {isa = PBXBuildFile; fileRef = 863DC15D1DDA91A5004002DE /* WhatsRateUITests.swift */; };
		863DC1721DDA91C5004002DE /* NotificationCenter.framework in Frameworks */ = {isa = PBXBuildFile; fileRef = 863DC1711DDA91C5004002DE /* NotificationCenter.framework */; };
		863DC1751DDA91C5004002DE /* TodayViewController.swift in Sources */ = {isa = PBXBuildFile; fileRef = 863DC1741DDA91C5004002DE /* TodayViewController.swift */; };
		863DC1781DDA91C5004002DE /* MainInterface.storyboard in Resources */ = {isa = PBXBuildFile; fileRef = 863DC1761DDA91C5004002DE /* MainInterface.storyboard */; };
		863DC17C1DDA91C5004002DE /* WhatsRateWidget.appex in Embed App Extensions */ = {isa = PBXBuildFile; fileRef = 863DC16F1DDA91C5004002DE /* WhatsRateWidget.appex */; settings = {ATTRIBUTES = (RemoveHeadersOnCopy, ); }; };
		864DAA4C1DDA9728001F984C /* SwiftyJSON.framework in Frameworks */ = {isa = PBXBuildFile; fileRef = 864DAA4B1DDA9728001F984C /* SwiftyJSON.framework */; };
		864DAA4F1DDA9C95001F984C /* MainInterface.storyboard in Resources */ = {isa = PBXBuildFile; fileRef = 863DC1761DDA91C5004002DE /* MainInterface.storyboard */; };
		864DAA501DDA9CAB001F984C /* TodayViewController.swift in Sources */ = {isa = PBXBuildFile; fileRef = 863DC1741DDA91C5004002DE /* TodayViewController.swift */; };
		DF3857987C9C304045D7850D /* Pods_WhatsRateTests.framework in Frameworks */ = {isa = PBXBuildFile; fileRef = 6BCDF4B29083DF5B41379B8E /* Pods_WhatsRateTests.framework */; };
		E4B4E4DF23C11E32000D624E /* MainView.swift in Sources */ = {isa = PBXBuildFile; fileRef = E4B4E4DE23C11E32000D624E /* MainView.swift */; };
/* End PBXBuildFile section */

/* Begin PBXContainerItemProxy section */
		863DC14F1DDA91A5004002DE /* PBXContainerItemProxy */ = {
			isa = PBXContainerItemProxy;
			containerPortal = 863DC1321DDA91A4004002DE /* Project object */;
			proxyType = 1;
			remoteGlobalIDString = 863DC1391DDA91A4004002DE;
			remoteInfo = WhatsRate;
		};
		863DC15A1DDA91A5004002DE /* PBXContainerItemProxy */ = {
			isa = PBXContainerItemProxy;
			containerPortal = 863DC1321DDA91A4004002DE /* Project object */;
			proxyType = 1;
			remoteGlobalIDString = 863DC1391DDA91A4004002DE;
			remoteInfo = WhatsRate;
		};
		863DC17A1DDA91C5004002DE /* PBXContainerItemProxy */ = {
			isa = PBXContainerItemProxy;
			containerPortal = 863DC1321DDA91A4004002DE /* Project object */;
			proxyType = 1;
			remoteGlobalIDString = 863DC16E1DDA91C5004002DE;
			remoteInfo = WhatsRateWidget;
		};
/* End PBXContainerItemProxy section */

/* Begin PBXCopyFilesBuildPhase section */
		863DC1801DDA91C5004002DE /* Embed App Extensions */ = {
			isa = PBXCopyFilesBuildPhase;
			buildActionMask = 2147483647;
			dstPath = "";
			dstSubfolderSpec = 13;
			files = (
				863DC17C1DDA91C5004002DE /* WhatsRateWidget.appex in Embed App Extensions */,
			);
			name = "Embed App Extensions";
			runOnlyForDeploymentPostprocessing = 0;
		};
/* End PBXCopyFilesBuildPhase section */

/* Begin PBXFileReference section */
		120E68649526148FC75F523A /* Pods-WhatsRateWidget.release.xcconfig */ = {isa = PBXFileReference; includeInIndex = 1; lastKnownFileType = text.xcconfig; name = "Pods-WhatsRateWidget.release.xcconfig"; path = "Pods/Target Support Files/Pods-WhatsRateWidget/Pods-WhatsRateWidget.release.xcconfig"; sourceTree = "<group>"; };
		1FA5CBF08238D768D7854FC1 /* Pods-WhatsRateUITests.release.xcconfig */ = {isa = PBXFileReference; includeInIndex = 1; lastKnownFileType = text.xcconfig; name = "Pods-WhatsRateUITests.release.xcconfig"; path = "Pods/Target Support Files/Pods-WhatsRateUITests/Pods-WhatsRateUITests.release.xcconfig"; sourceTree = "<group>"; };
		214CB26BEFB7AD6732BD405A /* Pods-WhatsRateWidget.debug.xcconfig */ = {isa = PBXFileReference; includeInIndex = 1; lastKnownFileType = text.xcconfig; name = "Pods-WhatsRateWidget.debug.xcconfig"; path = "Pods/Target Support Files/Pods-WhatsRateWidget/Pods-WhatsRateWidget.debug.xcconfig"; sourceTree = "<group>"; };
		3874E90D07590235AD5A35CC /* Pods_WhatsRate.framework */ = {isa = PBXFileReference; explicitFileType = wrapper.framework; includeInIndex = 0; path = Pods_WhatsRate.framework; sourceTree = BUILT_PRODUCTS_DIR; };
		54676BD1AA7942DF651499F3 /* Pods-WhatsRateTests.release.xcconfig */ = {isa = PBXFileReference; includeInIndex = 1; lastKnownFileType = text.xcconfig; name = "Pods-WhatsRateTests.release.xcconfig"; path = "Pods/Target Support Files/Pods-WhatsRateTests/Pods-WhatsRateTests.release.xcconfig"; sourceTree = "<group>"; };
		6BCDF4B29083DF5B41379B8E /* Pods_WhatsRateTests.framework */ = {isa = PBXFileReference; explicitFileType = wrapper.framework; includeInIndex = 0; path = Pods_WhatsRateTests.framework; sourceTree = BUILT_PRODUCTS_DIR; };
		789259329039576EA4FBFD6F /* Pods-WhatsRate.debug.xcconfig */ = {isa = PBXFileReference; includeInIndex = 1; lastKnownFileType = text.xcconfig; name = "Pods-WhatsRate.debug.xcconfig"; path = "Pods/Target Support Files/Pods-WhatsRate/Pods-WhatsRate.debug.xcconfig"; sourceTree = "<group>"; };
		863DC13A1DDA91A4004002DE /* WhatsRate.app */ = {isa = PBXFileReference; explicitFileType = wrapper.application; includeInIndex = 0; path = WhatsRate.app; sourceTree = BUILT_PRODUCTS_DIR; };
		863DC13D1DDA91A4004002DE /* AppDelegate.swift */ = {isa = PBXFileReference; lastKnownFileType = sourcecode.swift; path = AppDelegate.swift; sourceTree = "<group>"; };
		863DC13F1DDA91A4004002DE /* ViewController.swift */ = {isa = PBXFileReference; lastKnownFileType = sourcecode.swift; path = ViewController.swift; sourceTree = "<group>"; };
		863DC1421DDA91A4004002DE /* Base */ = {isa = PBXFileReference; lastKnownFileType = file.storyboard; name = Base; path = Base.lproj/Main.storyboard; sourceTree = "<group>"; };
		863DC1441DDA91A4004002DE /* Assets.xcassets */ = {isa = PBXFileReference; lastKnownFileType = folder.assetcatalog; path = Assets.xcassets; sourceTree = "<group>"; };
		863DC1471DDA91A4004002DE /* Base */ = {isa = PBXFileReference; lastKnownFileType = file.storyboard; name = Base; path = Base.lproj/LaunchScreen.storyboard; sourceTree = "<group>"; };
		863DC1491DDA91A4004002DE /* Info.plist */ = {isa = PBXFileReference; lastKnownFileType = text.plist.xml; path = Info.plist; sourceTree = "<group>"; };
		863DC14E1DDA91A5004002DE /* WhatsRateTests.xctest */ = {isa = PBXFileReference; explicitFileType = wrapper.cfbundle; includeInIndex = 0; path = WhatsRateTests.xctest; sourceTree = BUILT_PRODUCTS_DIR; };
		863DC1521DDA91A5004002DE /* WhatsRateTests.swift */ = {isa = PBXFileReference; lastKnownFileType = sourcecode.swift; path = WhatsRateTests.swift; sourceTree = "<group>"; };
		863DC1541DDA91A5004002DE /* Info.plist */ = {isa = PBXFileReference; lastKnownFileType = text.plist.xml; path = Info.plist; sourceTree = "<group>"; };
		863DC1591DDA91A5004002DE /* WhatsRateUITests.xctest */ = {isa = PBXFileReference; explicitFileType = wrapper.cfbundle; includeInIndex = 0; path = WhatsRateUITests.xctest; sourceTree = BUILT_PRODUCTS_DIR; };
		863DC15D1DDA91A5004002DE /* WhatsRateUITests.swift */ = {isa = PBXFileReference; lastKnownFileType = sourcecode.swift; path = WhatsRateUITests.swift; sourceTree = "<group>"; };
		863DC15F1DDA91A5004002DE /* Info.plist */ = {isa = PBXFileReference; lastKnownFileType = text.plist.xml; path = Info.plist; sourceTree = "<group>"; };
		863DC16F1DDA91C5004002DE /* WhatsRateWidget.appex */ = {isa = PBXFileReference; explicitFileType = "wrapper.app-extension"; includeInIndex = 0; path = WhatsRateWidget.appex; sourceTree = BUILT_PRODUCTS_DIR; };
		863DC1711DDA91C5004002DE /* NotificationCenter.framework */ = {isa = PBXFileReference; lastKnownFileType = wrapper.framework; name = NotificationCenter.framework; path = System/Library/Frameworks/NotificationCenter.framework; sourceTree = SDKROOT; };
		863DC1741DDA91C5004002DE /* TodayViewController.swift */ = {isa = PBXFileReference; lastKnownFileType = sourcecode.swift; path = TodayViewController.swift; sourceTree = "<group>"; };
		863DC1771DDA91C5004002DE /* Base */ = {isa = PBXFileReference; lastKnownFileType = file.storyboard; name = Base; path = Base.lproj/MainInterface.storyboard; sourceTree = "<group>"; };
		863DC1791DDA91C5004002DE /* Info.plist */ = {isa = PBXFileReference; lastKnownFileType = text.plist.xml; path = Info.plist; sourceTree = "<group>"; };
		864DAA4B1DDA9728001F984C /* SwiftyJSON.framework */ = {isa = PBXFileReference; lastKnownFileType = wrapper.framework; name = SwiftyJSON.framework; path = "../../Library/Developer/Xcode/DerivedData/WhatsRate-avjbkjgzpjdxvkghymqhbwxystkf/Build/Products/Debug-iphoneos/SwiftyJSON/SwiftyJSON.framework"; sourceTree = "<group>"; };
		933E866221F623AA9B22F967 /* Pods-WhatsRateUITests.debug.xcconfig */ = {isa = PBXFileReference; includeInIndex = 1; lastKnownFileType = text.xcconfig; name = "Pods-WhatsRateUITests.debug.xcconfig"; path = "Pods/Target Support Files/Pods-WhatsRateUITests/Pods-WhatsRateUITests.debug.xcconfig"; sourceTree = "<group>"; };
		B12C6ED31410D1B94EB7D518 /* Pods-WhatsRate.release.xcconfig */ = {isa = PBXFileReference; includeInIndex = 1; lastKnownFileType = text.xcconfig; name = "Pods-WhatsRate.release.xcconfig"; path = "Pods/Target Support Files/Pods-WhatsRate/Pods-WhatsRate.release.xcconfig"; sourceTree = "<group>"; };
		E159C3F1239D5E62A86A91CC /* Pods_WhatsRateWidget.framework */ = {isa = PBXFileReference; explicitFileType = wrapper.framework; includeInIndex = 0; path = Pods_WhatsRateWidget.framework; sourceTree = BUILT_PRODUCTS_DIR; };
		E4B4E4DE23C11E32000D624E /* MainView.swift */ = {isa = PBXFileReference; lastKnownFileType = sourcecode.swift; path = MainView.swift; sourceTree = "<group>"; };
		E6182693D56632F9C5E80A07 /* Pods-WhatsRateTests.debug.xcconfig */ = {isa = PBXFileReference; includeInIndex = 1; lastKnownFileType = text.xcconfig; name = "Pods-WhatsRateTests.debug.xcconfig"; path = "Pods/Target Support Files/Pods-WhatsRateTests/Pods-WhatsRateTests.debug.xcconfig"; sourceTree = "<group>"; };
		FAD60F3FC4E8249DC3E7D7EE /* Pods_WhatsRateUITests.framework */ = {isa = PBXFileReference; explicitFileType = wrapper.framework; includeInIndex = 0; path = Pods_WhatsRateUITests.framework; sourceTree = BUILT_PRODUCTS_DIR; };
/* End PBXFileReference section */

/* Begin PBXFrameworksBuildPhase section */
		863DC1371DDA91A4004002DE /* Frameworks */ = {
			isa = PBXFrameworksBuildPhase;
			buildActionMask = 2147483647;
			files = (
				864DAA4C1DDA9728001F984C /* SwiftyJSON.framework in Frameworks */,
				811703A74C43C4695132BC16 /* Pods_WhatsRate.framework in Frameworks */,
			);
			runOnlyForDeploymentPostprocessing = 0;
		};
		863DC14B1DDA91A5004002DE /* Frameworks */ = {
			isa = PBXFrameworksBuildPhase;
			buildActionMask = 2147483647;
			files = (
				DF3857987C9C304045D7850D /* Pods_WhatsRateTests.framework in Frameworks */,
			);
			runOnlyForDeploymentPostprocessing = 0;
		};
		863DC1561DDA91A5004002DE /* Frameworks */ = {
			isa = PBXFrameworksBuildPhase;
			buildActionMask = 2147483647;
			files = (
				6906AA9C7B2BFA82396617FF /* Pods_WhatsRateUITests.framework in Frameworks */,
			);
			runOnlyForDeploymentPostprocessing = 0;
		};
		863DC16C1DDA91C5004002DE /* Frameworks */ = {
			isa = PBXFrameworksBuildPhase;
			buildActionMask = 2147483647;
			files = (
				863DC1721DDA91C5004002DE /* NotificationCenter.framework in Frameworks */,
				5A5EE20EB9FE1F8251E5A3C2 /* Pods_WhatsRateWidget.framework in Frameworks */,
			);
			runOnlyForDeploymentPostprocessing = 0;
		};
/* End PBXFrameworksBuildPhase section */

/* Begin PBXGroup section */
		1B065FABF2BB9CF4A7F56D0C /* Pods */ = {
			isa = PBXGroup;
			children = (
				789259329039576EA4FBFD6F /* Pods-WhatsRate.debug.xcconfig */,
				B12C6ED31410D1B94EB7D518 /* Pods-WhatsRate.release.xcconfig */,
				E6182693D56632F9C5E80A07 /* Pods-WhatsRateTests.debug.xcconfig */,
				54676BD1AA7942DF651499F3 /* Pods-WhatsRateTests.release.xcconfig */,
				933E866221F623AA9B22F967 /* Pods-WhatsRateUITests.debug.xcconfig */,
				1FA5CBF08238D768D7854FC1 /* Pods-WhatsRateUITests.release.xcconfig */,
				214CB26BEFB7AD6732BD405A /* Pods-WhatsRateWidget.debug.xcconfig */,
				120E68649526148FC75F523A /* Pods-WhatsRateWidget.release.xcconfig */,
			);
			name = Pods;
			sourceTree = "<group>";
		};
		863DC1311DDA91A4004002DE = {
			isa = PBXGroup;
			children = (
				863DC13C1DDA91A4004002DE /* WhatsRate */,
				863DC1511DDA91A5004002DE /* WhatsRateTests */,
				863DC15C1DDA91A5004002DE /* WhatsRateUITests */,
				863DC1731DDA91C5004002DE /* WhatsRateWidget */,
				863DC1701DDA91C5004002DE /* Frameworks */,
				863DC13B1DDA91A4004002DE /* Products */,
				1B065FABF2BB9CF4A7F56D0C /* Pods */,
			);
			sourceTree = "<group>";
		};
		863DC13B1DDA91A4004002DE /* Products */ = {
			isa = PBXGroup;
			children = (
				863DC13A1DDA91A4004002DE /* WhatsRate.app */,
				863DC14E1DDA91A5004002DE /* WhatsRateTests.xctest */,
				863DC1591DDA91A5004002DE /* WhatsRateUITests.xctest */,
				863DC16F1DDA91C5004002DE /* WhatsRateWidget.appex */,
			);
			name = Products;
			sourceTree = "<group>";
		};
		863DC13C1DDA91A4004002DE /* WhatsRate */ = {
			isa = PBXGroup;
			children = (
				863DC13D1DDA91A4004002DE /* AppDelegate.swift */,
				863DC13F1DDA91A4004002DE /* ViewController.swift */,
				863DC1411DDA91A4004002DE /* Main.storyboard */,
				863DC1441DDA91A4004002DE /* Assets.xcassets */,
				863DC1461DDA91A4004002DE /* LaunchScreen.storyboard */,
				863DC1491DDA91A4004002DE /* Info.plist */,
				E4B4E4DE23C11E32000D624E /* MainView.swift */,
			);
			path = WhatsRate;
			sourceTree = "<group>";
		};
		863DC1511DDA91A5004002DE /* WhatsRateTests */ = {
			isa = PBXGroup;
			children = (
				863DC1521DDA91A5004002DE /* WhatsRateTests.swift */,
				863DC1541DDA91A5004002DE /* Info.plist */,
			);
			path = WhatsRateTests;
			sourceTree = "<group>";
		};
		863DC15C1DDA91A5004002DE /* WhatsRateUITests */ = {
			isa = PBXGroup;
			children = (
				863DC15D1DDA91A5004002DE /* WhatsRateUITests.swift */,
				863DC15F1DDA91A5004002DE /* Info.plist */,
			);
			path = WhatsRateUITests;
			sourceTree = "<group>";
		};
		863DC1701DDA91C5004002DE /* Frameworks */ = {
			isa = PBXGroup;
			children = (
				864DAA4B1DDA9728001F984C /* SwiftyJSON.framework */,
				863DC1711DDA91C5004002DE /* NotificationCenter.framework */,
				3874E90D07590235AD5A35CC /* Pods_WhatsRate.framework */,
				6BCDF4B29083DF5B41379B8E /* Pods_WhatsRateTests.framework */,
				FAD60F3FC4E8249DC3E7D7EE /* Pods_WhatsRateUITests.framework */,
				E159C3F1239D5E62A86A91CC /* Pods_WhatsRateWidget.framework */,
			);
			name = Frameworks;
			sourceTree = "<group>";
		};
		863DC1731DDA91C5004002DE /* WhatsRateWidget */ = {
			isa = PBXGroup;
			children = (
				863DC1741DDA91C5004002DE /* TodayViewController.swift */,
				863DC1761DDA91C5004002DE /* MainInterface.storyboard */,
				863DC1791DDA91C5004002DE /* Info.plist */,
			);
			path = WhatsRateWidget;
			sourceTree = "<group>";
		};
/* End PBXGroup section */

/* Begin PBXNativeTarget section */
		863DC1391DDA91A4004002DE /* WhatsRate */ = {
			isa = PBXNativeTarget;
			buildConfigurationList = 863DC1621DDA91A5004002DE /* Build configuration list for PBXNativeTarget "WhatsRate" */;
			buildPhases = (
				D803AF4A9C2AF1D16DF7CD30 /* [CP] Check Pods Manifest.lock */,
				863DC1361DDA91A4004002DE /* Sources */,
				863DC1371DDA91A4004002DE /* Frameworks */,
				863DC1381DDA91A4004002DE /* Resources */,
				863DC1801DDA91C5004002DE /* Embed App Extensions */,
				EC336053F24CB91281E3823D /* [CP] Embed Pods Frameworks */,
			);
			buildRules = (
			);
			dependencies = (
				863DC17B1DDA91C5004002DE /* PBXTargetDependency */,
			);
			name = WhatsRate;
			productName = WhatsRate;
			productReference = 863DC13A1DDA91A4004002DE /* WhatsRate.app */;
			productType = "com.apple.product-type.application";
		};
		863DC14D1DDA91A5004002DE /* WhatsRateTests */ = {
			isa = PBXNativeTarget;
			buildConfigurationList = 863DC1651DDA91A5004002DE /* Build configuration list for PBXNativeTarget "WhatsRateTests" */;
			buildPhases = (
				BAAC2B3E2A436A0B15ED30ED /* [CP] Check Pods Manifest.lock */,
				863DC14A1DDA91A5004002DE /* Sources */,
				863DC14B1DDA91A5004002DE /* Frameworks */,
				863DC14C1DDA91A5004002DE /* Resources */,
			);
			buildRules = (
			);
			dependencies = (
				863DC1501DDA91A5004002DE /* PBXTargetDependency */,
			);
			name = WhatsRateTests;
			productName = WhatsRateTests;
			productReference = 863DC14E1DDA91A5004002DE /* WhatsRateTests.xctest */;
			productType = "com.apple.product-type.bundle.unit-test";
		};
		863DC1581DDA91A5004002DE /* WhatsRateUITests */ = {
			isa = PBXNativeTarget;
			buildConfigurationList = 863DC1681DDA91A5004002DE /* Build configuration list for PBXNativeTarget "WhatsRateUITests" */;
			buildPhases = (
				95FD0498E6C7FDB1B8790DF9 /* [CP] Check Pods Manifest.lock */,
				863DC1551DDA91A5004002DE /* Sources */,
				863DC1561DDA91A5004002DE /* Frameworks */,
				863DC1571DDA91A5004002DE /* Resources */,
			);
			buildRules = (
			);
			dependencies = (
				863DC15B1DDA91A5004002DE /* PBXTargetDependency */,
			);
			name = WhatsRateUITests;
			productName = WhatsRateUITests;
			productReference = 863DC1591DDA91A5004002DE /* WhatsRateUITests.xctest */;
			productType = "com.apple.product-type.bundle.ui-testing";
		};
		863DC16E1DDA91C5004002DE /* WhatsRateWidget */ = {
			isa = PBXNativeTarget;
			buildConfigurationList = 863DC17D1DDA91C5004002DE /* Build configuration list for PBXNativeTarget "WhatsRateWidget" */;
			buildPhases = (
				F243B9D782545EDE780F05D8 /* [CP] Check Pods Manifest.lock */,
				863DC16B1DDA91C5004002DE /* Sources */,
				863DC16C1DDA91C5004002DE /* Frameworks */,
				863DC16D1DDA91C5004002DE /* Resources */,
			);
			buildRules = (
			);
			dependencies = (
			);
			name = WhatsRateWidget;
			productName = WhatsRateWidget;
			productReference = 863DC16F1DDA91C5004002DE /* WhatsRateWidget.appex */;
			productType = "com.apple.product-type.app-extension";
		};
/* End PBXNativeTarget section */

/* Begin PBXProject section */
		863DC1321DDA91A4004002DE /* Project object */ = {
			isa = PBXProject;
			attributes = {
				LastSwiftUpdateCheck = 0810;
				LastUpgradeCheck = 1130;
				ORGANIZATIONNAME = "Di Wang";
				TargetAttributes = {
					863DC1391DDA91A4004002DE = {
						CreatedOnToolsVersion = 8.1;
						DevelopmentTeam = PGC62Z29HJ;
						ProvisioningStyle = Automatic;
					};
					863DC14D1DDA91A5004002DE = {
						CreatedOnToolsVersion = 8.1;
						DevelopmentTeam = PGC62Z29HJ;
						ProvisioningStyle = Automatic;
						TestTargetID = 863DC1391DDA91A4004002DE;
					};
					863DC1581DDA91A5004002DE = {
						CreatedOnToolsVersion = 8.1;
						DevelopmentTeam = PGC62Z29HJ;
						ProvisioningStyle = Automatic;
						TestTargetID = 863DC1391DDA91A4004002DE;
					};
					863DC16E1DDA91C5004002DE = {
						CreatedOnToolsVersion = 8.1;
						DevelopmentTeam = PGC62Z29HJ;
						ProvisioningStyle = Automatic;
					};
				};
			};
			buildConfigurationList = 863DC1351DDA91A4004002DE /* Build configuration list for PBXProject "WhatsRate" */;
			compatibilityVersion = "Xcode 3.2";
			developmentRegion = en;
			hasScannedForEncodings = 0;
			knownRegions = (
				en,
				Base,
			);
			mainGroup = 863DC1311DDA91A4004002DE;
			productRefGroup = 863DC13B1DDA91A4004002DE /* Products */;
			projectDirPath = "";
			projectRoot = "";
			targets = (
				863DC1391DDA91A4004002DE /* WhatsRate */,
				863DC14D1DDA91A5004002DE /* WhatsRateTests */,
				863DC1581DDA91A5004002DE /* WhatsRateUITests */,
				863DC16E1DDA91C5004002DE /* WhatsRateWidget */,
			);
		};
/* End PBXProject section */

/* Begin PBXResourcesBuildPhase section */
		863DC1381DDA91A4004002DE /* Resources */ = {
			isa = PBXResourcesBuildPhase;
			buildActionMask = 2147483647;
			files = (
				863DC1481DDA91A4004002DE /* LaunchScreen.storyboard in Resources */,
				864DAA4F1DDA9C95001F984C /* MainInterface.storyboard in Resources */,
				863DC1451DDA91A4004002DE /* Assets.xcassets in Resources */,
				863DC1431DDA91A4004002DE /* Main.storyboard in Resources */,
			);
			runOnlyForDeploymentPostprocessing = 0;
		};
		863DC14C1DDA91A5004002DE /* Resources */ = {
			isa = PBXResourcesBuildPhase;
			buildActionMask = 2147483647;
			files = (
			);
			runOnlyForDeploymentPostprocessing = 0;
		};
		863DC1571DDA91A5004002DE /* Resources */ = {
			isa = PBXResourcesBuildPhase;
			buildActionMask = 2147483647;
			files = (
			);
			runOnlyForDeploymentPostprocessing = 0;
		};
		863DC16D1DDA91C5004002DE /* Resources */ = {
			isa = PBXResourcesBuildPhase;
			buildActionMask = 2147483647;
			files = (
				863DC1781DDA91C5004002DE /* MainInterface.storyboard in Resources */,
			);
			runOnlyForDeploymentPostprocessing = 0;
		};
/* End PBXResourcesBuildPhase section */

/* Begin PBXShellScriptBuildPhase section */
		95FD0498E6C7FDB1B8790DF9 /* [CP] Check Pods Manifest.lock */ = {
			isa = PBXShellScriptBuildPhase;
			buildActionMask = 2147483647;
			files = (
			);
			inputPaths = (
				"${PODS_PODFILE_DIR_PATH}/Podfile.lock",
				"${PODS_ROOT}/Manifest.lock",
			);
			name = "[CP] Check Pods Manifest.lock";
			outputPaths = (
				"$(DERIVED_FILE_DIR)/Pods-WhatsRateUITests-checkManifestLockResult.txt",
			);
			runOnlyForDeploymentPostprocessing = 0;
			shellPath = /bin/sh;
			shellScript = "diff \"${PODS_PODFILE_DIR_PATH}/Podfile.lock\" \"${PODS_ROOT}/Manifest.lock\" > /dev/null\nif [ $? != 0 ] ; then\n    # print error to STDERR\n    echo \"error: The sandbox is not in sync with the Podfile.lock. Run 'pod install' or update your CocoaPods installation.\" >&2\n    exit 1\nfi\n# This output is used by Xcode 'outputs' to avoid re-running this script phase.\necho \"SUCCESS\" > \"${SCRIPT_OUTPUT_FILE_0}\"\n";
			showEnvVarsInLog = 0;
		};
		BAAC2B3E2A436A0B15ED30ED /* [CP] Check Pods Manifest.lock */ = {
			isa = PBXShellScriptBuildPhase;
			buildActionMask = 2147483647;
			files = (
			);
			inputPaths = (
				"${PODS_PODFILE_DIR_PATH}/Podfile.lock",
				"${PODS_ROOT}/Manifest.lock",
			);
			name = "[CP] Check Pods Manifest.lock";
			outputPaths = (
				"$(DERIVED_FILE_DIR)/Pods-WhatsRateTests-checkManifestLockResult.txt",
			);
			runOnlyForDeploymentPostprocessing = 0;
			shellPath = /bin/sh;
			shellScript = "diff \"${PODS_PODFILE_DIR_PATH}/Podfile.lock\" \"${PODS_ROOT}/Manifest.lock\" > /dev/null\nif [ $? != 0 ] ; then\n    # print error to STDERR\n    echo \"error: The sandbox is not in sync with the Podfile.lock. Run 'pod install' or update your CocoaPods installation.\" >&2\n    exit 1\nfi\n# This output is used by Xcode 'outputs' to avoid re-running this script phase.\necho \"SUCCESS\" > \"${SCRIPT_OUTPUT_FILE_0}\"\n";
			showEnvVarsInLog = 0;
		};
		D803AF4A9C2AF1D16DF7CD30 /* [CP] Check Pods Manifest.lock */ = {
			isa = PBXShellScriptBuildPhase;
			buildActionMask = 2147483647;
			files = (
			);
			inputPaths = (
				"${PODS_PODFILE_DIR_PATH}/Podfile.lock",
				"${PODS_ROOT}/Manifest.lock",
			);
			name = "[CP] Check Pods Manifest.lock";
			outputPaths = (
				"$(DERIVED_FILE_DIR)/Pods-WhatsRate-checkManifestLockResult.txt",
			);
			runOnlyForDeploymentPostprocessing = 0;
			shellPath = /bin/sh;
			shellScript = "diff \"${PODS_PODFILE_DIR_PATH}/Podfile.lock\" \"${PODS_ROOT}/Manifest.lock\" > /dev/null\nif [ $? != 0 ] ; then\n    # print error to STDERR\n    echo \"error: The sandbox is not in sync with the Podfile.lock. Run 'pod install' or update your CocoaPods installation.\" >&2\n    exit 1\nfi\n# This output is used by Xcode 'outputs' to avoid re-running this script phase.\necho \"SUCCESS\" > \"${SCRIPT_OUTPUT_FILE_0}\"\n";
			showEnvVarsInLog = 0;
		};
		EC336053F24CB91281E3823D /* [CP] Embed Pods Frameworks */ = {
			isa = PBXShellScriptBuildPhase;
			buildActionMask = 2147483647;
			files = (
			);
			inputPaths = (
				"${PODS_ROOT}/Target Support Files/Pods-WhatsRate/Pods-WhatsRate-frameworks.sh",
				"${BUILT_PRODUCTS_DIR}/SwiftyJSON/SwiftyJSON.framework",
			);
			name = "[CP] Embed Pods Frameworks";
			outputPaths = (
				"${TARGET_BUILD_DIR}/${FRAMEWORKS_FOLDER_PATH}/SwiftyJSON.framework",
			);
			runOnlyForDeploymentPostprocessing = 0;
			shellPath = /bin/sh;
			shellScript = "\"${PODS_ROOT}/Target Support Files/Pods-WhatsRate/Pods-WhatsRate-frameworks.sh\"\n";
			showEnvVarsInLog = 0;
		};
		F243B9D782545EDE780F05D8 /* [CP] Check Pods Manifest.lock */ = {
			isa = PBXShellScriptBuildPhase;
			buildActionMask = 2147483647;
			files = (
			);
			inputPaths = (
				"${PODS_PODFILE_DIR_PATH}/Podfile.lock",
				"${PODS_ROOT}/Manifest.lock",
			);
			name = "[CP] Check Pods Manifest.lock";
			outputPaths = (
				"$(DERIVED_FILE_DIR)/Pods-WhatsRateWidget-checkManifestLockResult.txt",
			);
			runOnlyForDeploymentPostprocessing = 0;
			shellPath = /bin/sh;
			shellScript = "diff \"${PODS_PODFILE_DIR_PATH}/Podfile.lock\" \"${PODS_ROOT}/Manifest.lock\" > /dev/null\nif [ $? != 0 ] ; then\n    # print error to STDERR\n    echo \"error: The sandbox is not in sync with the Podfile.lock. Run 'pod install' or update your CocoaPods installation.\" >&2\n    exit 1\nfi\n# This output is used by Xcode 'outputs' to avoid re-running this script phase.\necho \"SUCCESS\" > \"${SCRIPT_OUTPUT_FILE_0}\"\n";
			showEnvVarsInLog = 0;
		};
/* End PBXShellScriptBuildPhase section */

/* Begin PBXSourcesBuildPhase section */
		863DC1361DDA91A4004002DE /* Sources */ = {
			isa = PBXSourcesBuildPhase;
			buildActionMask = 2147483647;
			files = (
				863DC1401DDA91A4004002DE /* ViewController.swift in Sources */,
				E4B4E4DF23C11E32000D624E /* MainView.swift in Sources */,
				863DC13E1DDA91A4004002DE /* AppDelegate.swift in Sources */,
				864DAA501DDA9CAB001F984C /* TodayViewController.swift in Sources */,
			);
			runOnlyForDeploymentPostprocessing = 0;
		};
		863DC14A1DDA91A5004002DE /* Sources */ = {
			isa = PBXSourcesBuildPhase;
			buildActionMask = 2147483647;
			files = (
				863DC1531DDA91A5004002DE /* WhatsRateTests.swift in Sources */,
			);
			runOnlyForDeploymentPostprocessing = 0;
		};
		863DC1551DDA91A5004002DE /* Sources */ = {
			isa = PBXSourcesBuildPhase;
			buildActionMask = 2147483647;
			files = (
				863DC15E1DDA91A5004002DE /* WhatsRateUITests.swift in Sources */,
			);
			runOnlyForDeploymentPostprocessing = 0;
		};
		863DC16B1DDA91C5004002DE /* Sources */ = {
			isa = PBXSourcesBuildPhase;
			buildActionMask = 2147483647;
			files = (
				863DC1751DDA91C5004002DE /* TodayViewController.swift in Sources */,
			);
			runOnlyForDeploymentPostprocessing = 0;
		};
/* End PBXSourcesBuildPhase section */

/* Begin PBXTargetDependency section */
		863DC1501DDA91A5004002DE /* PBXTargetDependency */ = {
			isa = PBXTargetDependency;
			target = 863DC1391DDA91A4004002DE /* WhatsRate */;
			targetProxy = 863DC14F1DDA91A5004002DE /* PBXContainerItemProxy */;
		};
		863DC15B1DDA91A5004002DE /* PBXTargetDependency */ = {
			isa = PBXTargetDependency;
			target = 863DC1391DDA91A4004002DE /* WhatsRate */;
			targetProxy = 863DC15A1DDA91A5004002DE /* PBXContainerItemProxy */;
		};
		863DC17B1DDA91C5004002DE /* PBXTargetDependency */ = {
			isa = PBXTargetDependency;
			target = 863DC16E1DDA91C5004002DE /* WhatsRateWidget */;
			targetProxy = 863DC17A1DDA91C5004002DE /* PBXContainerItemProxy */;
		};
/* End PBXTargetDependency section */

/* Begin PBXVariantGroup section */
		863DC1411DDA91A4004002DE /* Main.storyboard */ = {
			isa = PBXVariantGroup;
			children = (
				863DC1421DDA91A4004002DE /* Base */,
			);
			name = Main.storyboard;
			sourceTree = "<group>";
		};
		863DC1461DDA91A4004002DE /* LaunchScreen.storyboard */ = {
			isa = PBXVariantGroup;
			children = (
				863DC1471DDA91A4004002DE /* Base */,
			);
			name = LaunchScreen.storyboard;
			sourceTree = "<group>";
		};
		863DC1761DDA91C5004002DE /* MainInterface.storyboard */ = {
			isa = PBXVariantGroup;
			children = (
				863DC1771DDA91C5004002DE /* Base */,
			);
			name = MainInterface.storyboard;
			sourceTree = "<group>";
		};
/* End PBXVariantGroup section */

/* Begin XCBuildConfiguration section */
		863DC1601DDA91A5004002DE /* Debug */ = {
			isa = XCBuildConfiguration;
			buildSettings = {
				ALWAYS_SEARCH_USER_PATHS = NO;
				CLANG_ANALYZER_NONNULL = YES;
				CLANG_CXX_LANGUAGE_STANDARD = "gnu++0x";
				CLANG_CXX_LIBRARY = "libc++";
				CLANG_ENABLE_MODULES = YES;
				CLANG_ENABLE_OBJC_ARC = YES;
				CLANG_WARN_BLOCK_CAPTURE_AUTORELEASING = YES;
				CLANG_WARN_BOOL_CONVERSION = YES;
				CLANG_WARN_COMMA = YES;
				CLANG_WARN_CONSTANT_CONVERSION = YES;
				CLANG_WARN_DEPRECATED_OBJC_IMPLEMENTATIONS = YES;
				CLANG_WARN_DIRECT_OBJC_ISA_USAGE = YES_ERROR;
				CLANG_WARN_DOCUMENTATION_COMMENTS = YES;
				CLANG_WARN_EMPTY_BODY = YES;
				CLANG_WARN_ENUM_CONVERSION = YES;
				CLANG_WARN_INFINITE_RECURSION = YES;
				CLANG_WARN_INT_CONVERSION = YES;
				CLANG_WARN_NON_LITERAL_NULL_CONVERSION = YES;
				CLANG_WARN_OBJC_IMPLICIT_RETAIN_SELF = YES;
				CLANG_WARN_OBJC_LITERAL_CONVERSION = YES;
				CLANG_WARN_OBJC_ROOT_CLASS = YES_ERROR;
				CLANG_WARN_RANGE_LOOP_ANALYSIS = YES;
				CLANG_WARN_STRICT_PROTOTYPES = YES;
				CLANG_WARN_SUSPICIOUS_MOVE = YES;
				CLANG_WARN_SUSPICIOUS_MOVES = YES;
				CLANG_WARN_UNREACHABLE_CODE = YES;
				CLANG_WARN__DUPLICATE_METHOD_MATCH = YES;
				"CODE_SIGN_IDENTITY[sdk=iphoneos*]" = "iPhone Developer";
				COPY_PHASE_STRIP = NO;
				DEBUG_INFORMATION_FORMAT = dwarf;
				ENABLE_STRICT_OBJC_MSGSEND = YES;
				ENABLE_TESTABILITY = YES;
				GCC_C_LANGUAGE_STANDARD = gnu99;
				GCC_DYNAMIC_NO_PIC = NO;
				GCC_NO_COMMON_BLOCKS = YES;
				GCC_OPTIMIZATION_LEVEL = 0;
				GCC_PREPROCESSOR_DEFINITIONS = (
					"DEBUG=1",
					"$(inherited)",
				);
				GCC_WARN_64_TO_32_BIT_CONVERSION = YES;
				GCC_WARN_ABOUT_RETURN_TYPE = YES_ERROR;
				GCC_WARN_UNDECLARED_SELECTOR = YES;
				GCC_WARN_UNINITIALIZED_AUTOS = YES_AGGRESSIVE;
				GCC_WARN_UNUSED_FUNCTION = YES;
				GCC_WARN_UNUSED_VARIABLE = YES;
				IPHONEOS_DEPLOYMENT_TARGET = 13.2;
				MTL_ENABLE_DEBUG_INFO = YES;
				ONLY_ACTIVE_ARCH = YES;
				SDKROOT = iphoneos;
				SWIFT_ACTIVE_COMPILATION_CONDITIONS = DEBUG;
				SWIFT_OPTIMIZATION_LEVEL = "-Onone";
				SWIFT_VERSION = 4.0;
				TARGETED_DEVICE_FAMILY = "1,2";
			};
			name = Debug;
		};
		863DC1611DDA91A5004002DE /* Release */ = {
			isa = XCBuildConfiguration;
			buildSettings = {
				ALWAYS_SEARCH_USER_PATHS = NO;
				CLANG_ANALYZER_NONNULL = YES;
				CLANG_CXX_LANGUAGE_STANDARD = "gnu++0x";
				CLANG_CXX_LIBRARY = "libc++";
				CLANG_ENABLE_MODULES = YES;
				CLANG_ENABLE_OBJC_ARC = YES;
				CLANG_WARN_BLOCK_CAPTURE_AUTORELEASING = YES;
				CLANG_WARN_BOOL_CONVERSION = YES;
				CLANG_WARN_COMMA = YES;
				CLANG_WARN_CONSTANT_CONVERSION = YES;
				CLANG_WARN_DEPRECATED_OBJC_IMPLEMENTATIONS = YES;
				CLANG_WARN_DIRECT_OBJC_ISA_USAGE = YES_ERROR;
				CLANG_WARN_DOCUMENTATION_COMMENTS = YES;
				CLANG_WARN_EMPTY_BODY = YES;
				CLANG_WARN_ENUM_CONVERSION = YES;
				CLANG_WARN_INFINITE_RECURSION = YES;
				CLANG_WARN_INT_CONVERSION = YES;
				CLANG_WARN_NON_LITERAL_NULL_CONVERSION = YES;
				CLANG_WARN_OBJC_IMPLICIT_RETAIN_SELF = YES;
				CLANG_WARN_OBJC_LITERAL_CONVERSION = YES;
				CLANG_WARN_OBJC_ROOT_CLASS = YES_ERROR;
				CLANG_WARN_RANGE_LOOP_ANALYSIS = YES;
				CLANG_WARN_STRICT_PROTOTYPES = YES;
				CLANG_WARN_SUSPICIOUS_MOVE = YES;
				CLANG_WARN_SUSPICIOUS_MOVES = YES;
				CLANG_WARN_UNREACHABLE_CODE = YES;
				CLANG_WARN__DUPLICATE_METHOD_MATCH = YES;
				"CODE_SIGN_IDENTITY[sdk=iphoneos*]" = "iPhone Developer";
				COPY_PHASE_STRIP = NO;
				DEBUG_INFORMATION_FORMAT = "dwarf-with-dsym";
				ENABLE_NS_ASSERTIONS = NO;
				ENABLE_STRICT_OBJC_MSGSEND = YES;
				GCC_C_LANGUAGE_STANDARD = gnu99;
				GCC_NO_COMMON_BLOCKS = YES;
				GCC_WARN_64_TO_32_BIT_CONVERSION = YES;
				GCC_WARN_ABOUT_RETURN_TYPE = YES_ERROR;
				GCC_WARN_UNDECLARED_SELECTOR = YES;
				GCC_WARN_UNINITIALIZED_AUTOS = YES_AGGRESSIVE;
				GCC_WARN_UNUSED_FUNCTION = YES;
				GCC_WARN_UNUSED_VARIABLE = YES;
				IPHONEOS_DEPLOYMENT_TARGET = 13.2;
				MTL_ENABLE_DEBUG_INFO = NO;
				SDKROOT = iphoneos;
				SWIFT_OPTIMIZATION_LEVEL = "-Owholemodule";
				SWIFT_VERSION = 4.0;
				TARGETED_DEVICE_FAMILY = "1,2";
				VALIDATE_PRODUCT = YES;
			};
			name = Release;
		};
		863DC1631DDA91A5004002DE /* Debug */ = {
			isa = XCBuildConfiguration;
			baseConfigurationReference = 789259329039576EA4FBFD6F /* Pods-WhatsRate.debug.xcconfig */;
			buildSettings = {
				ALWAYS_EMBED_SWIFT_STANDARD_LIBRARIES = YES;
				ASSETCATALOG_COMPILER_APPICON_NAME = AppIcon;
				DEVELOPMENT_TEAM = PGC62Z29HJ;
				INFOPLIST_FILE = WhatsRate/Info.plist;
				LD_RUNPATH_SEARCH_PATHS = "$(inherited) @executable_path/Frameworks";
				PRODUCT_BUNDLE_IDENTIFIER = DiWang.WhatsRate;
				PRODUCT_NAME = "$(TARGET_NAME)";
				SWIFT_VERSION = 4.0;
			};
			name = Debug;
		};
		863DC1641DDA91A5004002DE /* Release */ = {
			isa = XCBuildConfiguration;
			baseConfigurationReference = B12C6ED31410D1B94EB7D518 /* Pods-WhatsRate.release.xcconfig */;
			buildSettings = {
				ALWAYS_EMBED_SWIFT_STANDARD_LIBRARIES = YES;
				ASSETCATALOG_COMPILER_APPICON_NAME = AppIcon;
				DEVELOPMENT_TEAM = PGC62Z29HJ;
				INFOPLIST_FILE = WhatsRate/Info.plist;
				LD_RUNPATH_SEARCH_PATHS = "$(inherited) @executable_path/Frameworks";
				PRODUCT_BUNDLE_IDENTIFIER = DiWang.WhatsRate;
				PRODUCT_NAME = "$(TARGET_NAME)";
				SWIFT_VERSION = 4.0;
			};
			name = Release;
		};
		863DC1661DDA91A5004002DE /* Debug */ = {
			isa = XCBuildConfiguration;
			baseConfigurationReference = E6182693D56632F9C5E80A07 /* Pods-WhatsRateTests.debug.xcconfig */;
			buildSettings = {
				ALWAYS_EMBED_SWIFT_STANDARD_LIBRARIES = YES;
				BUNDLE_LOADER = "$(TEST_HOST)";
				DEVELOPMENT_TEAM = PGC62Z29HJ;
				INFOPLIST_FILE = WhatsRateTests/Info.plist;
				LD_RUNPATH_SEARCH_PATHS = "$(inherited) @executable_path/Frameworks @loader_path/Frameworks";
				PRODUCT_BUNDLE_IDENTIFIER = DiWang.WhatsRateTests;
				PRODUCT_NAME = "$(TARGET_NAME)";
				SWIFT_VERSION = 4.0;
				TEST_HOST = "$(BUILT_PRODUCTS_DIR)/WhatsRate.app/WhatsRate";
			};
			name = Debug;
		};
		863DC1671DDA91A5004002DE /* Release */ = {
			isa = XCBuildConfiguration;
			baseConfigurationReference = 54676BD1AA7942DF651499F3 /* Pods-WhatsRateTests.release.xcconfig */;
			buildSettings = {
				ALWAYS_EMBED_SWIFT_STANDARD_LIBRARIES = YES;
				BUNDLE_LOADER = "$(TEST_HOST)";
				DEVELOPMENT_TEAM = PGC62Z29HJ;
				INFOPLIST_FILE = WhatsRateTests/Info.plist;
				LD_RUNPATH_SEARCH_PATHS = "$(inherited) @executable_path/Frameworks @loader_path/Frameworks";
				PRODUCT_BUNDLE_IDENTIFIER = DiWang.WhatsRateTests;
				PRODUCT_NAME = "$(TARGET_NAME)";
				SWIFT_VERSION = 4.0;
				TEST_HOST = "$(BUILT_PRODUCTS_DIR)/WhatsRate.app/WhatsRate";
			};
			name = Release;
		};
		863DC1691DDA91A5004002DE /* Debug */ = {
			isa = XCBuildConfiguration;
			baseConfigurationReference = 933E866221F623AA9B22F967 /* Pods-WhatsRateUITests.debug.xcconfig */;
			buildSettings = {
				ALWAYS_EMBED_SWIFT_STANDARD_LIBRARIES = YES;
				DEVELOPMENT_TEAM = PGC62Z29HJ;
				INFOPLIST_FILE = WhatsRateUITests/Info.plist;
				LD_RUNPATH_SEARCH_PATHS = "$(inherited) @executable_path/Frameworks @loader_path/Frameworks";
				PRODUCT_BUNDLE_IDENTIFIER = DiWang.WhatsRateUITests;
				PRODUCT_NAME = "$(TARGET_NAME)";
				SWIFT_VERSION = 4.0;
				TEST_TARGET_NAME = WhatsRate;
			};
			name = Debug;
		};
		863DC16A1DDA91A5004002DE /* Release */ = {
			isa = XCBuildConfiguration;
			baseConfigurationReference = 1FA5CBF08238D768D7854FC1 /* Pods-WhatsRateUITests.release.xcconfig */;
			buildSettings = {
				ALWAYS_EMBED_SWIFT_STANDARD_LIBRARIES = YES;
				DEVELOPMENT_TEAM = PGC62Z29HJ;
				INFOPLIST_FILE = WhatsRateUITests/Info.plist;
				LD_RUNPATH_SEARCH_PATHS = "$(inherited) @executable_path/Frameworks @loader_path/Frameworks";
				PRODUCT_BUNDLE_IDENTIFIER = DiWang.WhatsRateUITests;
				PRODUCT_NAME = "$(TARGET_NAME)";
				SWIFT_VERSION = 4.0;
				TEST_TARGET_NAME = WhatsRate;
			};
			name = Release;
		};
		863DC17E1DDA91C5004002DE /* Debug */ = {
			isa = XCBuildConfiguration;
			baseConfigurationReference = 214CB26BEFB7AD6732BD405A /* Pods-WhatsRateWidget.debug.xcconfig */;
			buildSettings = {
				DEVELOPMENT_TEAM = PGC62Z29HJ;
				INFOPLIST_FILE = WhatsRateWidget/Info.plist;
				LD_RUNPATH_SEARCH_PATHS = "$(inherited) @executable_path/Frameworks @executable_path/../../Frameworks";
				PRODUCT_BUNDLE_IDENTIFIER = DiWang.WhatsRate.WhatsRateWidget;
				PRODUCT_NAME = "$(TARGET_NAME)";
				SKIP_INSTALL = YES;
				SWIFT_VERSION = 4.0;
			};
			name = Debug;
		};
		863DC17F1DDA91C5004002DE /* Release */ = {
			isa = XCBuildConfiguration;
			baseConfigurationReference = 120E68649526148FC75F523A /* Pods-WhatsRateWidget.release.xcconfig */;
			buildSettings = {
				DEVELOPMENT_TEAM = PGC62Z29HJ;
				INFOPLIST_FILE = WhatsRateWidget/Info.plist;
				LD_RUNPATH_SEARCH_PATHS = "$(inherited) @executable_path/Frameworks @executable_path/../../Frameworks";
				PRODUCT_BUNDLE_IDENTIFIER = DiWang.WhatsRate.WhatsRateWidget;
				PRODUCT_NAME = "$(TARGET_NAME)";
				SKIP_INSTALL = YES;
				SWIFT_VERSION = 4.0;
			};
			name = Release;
		};
/* End XCBuildConfiguration section */

/* Begin XCConfigurationList section */
		863DC1351DDA91A4004002DE /* Build configuration list for PBXProject "WhatsRate" */ = {
			isa = XCConfigurationList;
			buildConfigurations = (
				863DC1601DDA91A5004002DE /* Debug */,
				863DC1611DDA91A5004002DE /* Release */,
			);
			defaultConfigurationIsVisible = 0;
			defaultConfigurationName = Release;
		};
		863DC1621DDA91A5004002DE /* Build configuration list for PBXNativeTarget "WhatsRate" */ = {
			isa = XCConfigurationList;
			buildConfigurations = (
				863DC1631DDA91A5004002DE /* Debug */,
				863DC1641DDA91A5004002DE /* Release */,
			);
			defaultConfigurationIsVisible = 0;
			defaultConfigurationName = Release;
		};
		863DC1651DDA91A5004002DE /* Build configuration list for PBXNativeTarget "WhatsRateTests" */ = {
			isa = XCConfigurationList;
			buildConfigurations = (
				863DC1661DDA91A5004002DE /* Debug */,
				863DC1671DDA91A5004002DE /* Release */,
			);
			defaultConfigurationIsVisible = 0;
			defaultConfigurationName = Release;
		};
		863DC1681DDA91A5004002DE /* Build configuration list for PBXNativeTarget "WhatsRateUITests" */ = {
			isa = XCConfigurationList;
			buildConfigurations = (
				863DC1691DDA91A5004002DE /* Debug */,
				863DC16A1DDA91A5004002DE /* Release */,
			);
			defaultConfigurationIsVisible = 0;
			defaultConfigurationName = Release;
		};
		863DC17D1DDA91C5004002DE /* Build configuration list for PBXNativeTarget "WhatsRateWidget" */ = {
			isa = XCConfigurationList;
			buildConfigurations = (
				863DC17E1DDA91C5004002DE /* Debug */,
				863DC17F1DDA91C5004002DE /* Release */,
			);
			defaultConfigurationIsVisible = 0;
			defaultConfigurationName = Release;
		};
/* End XCConfigurationList section */
	};
	rootObject = 863DC1321DDA91A4004002DE /* Project object */;
}
